
Microsoft Visual Studio Solution File, Format Version 12.00
# Visual Studio Version 17
VisualStudioVersion = 17.2.32630.192
MinimumVisualStudioVersion = 10.0.40219.1
Project("{FAE04EC0-301F-11D3-BF4B-00C04F79EFBC}") = "Models", "Models\Models.csproj", "{F75D7454-02A6-457E-B882-8170B12958BF}"
EndProject
Project("{FAE04EC0-301F-11D3-BF4B-00C04F79EFBC}") = "Client", "Client\Client.csproj", "{794D523E-DE60-40CB-A4A4-840F279E49FF}"
EndProject
Project("{FAE04EC0-301F-11D3-BF4B-00C04F79EFBC}") = "Server", "Server\Server.csproj", "{42A06BCB-4B01-4A51-9B73-204E32F6D440}"
EndProject
Global
	GlobalSection(SolutionConfigurationPlatforms) = preSolution
		Debug|Any CPU = Debug|Any CPU
		Release|Any CPU = Release|Any CPU
	EndGlobalSection
	GlobalSection(ProjectConfigurationPlatforms) = postSolution
		{F75D7454-02A6-457E-B882-8170B12958BF}.Debug|Any CPU.ActiveCfg = Debug|Any CPU
		{F75D7454-02A6-457E-B882-8170B12958BF}.Debug|Any CPU.Build.0 = Debug|Any CPU
		{F75D7454-02A6-457E-B882-8170B12958BF}.Release|Any CPU.ActiveCfg = Release|Any CPU
		{F75D7454-02A6-457E-B882-8170B12958BF}.Release|Any CPU.Build.0 = Release|Any CPU
		{794D523E-DE60-40CB-A4A4-840F279E49FF}.Debug|Any CPU.ActiveCfg = Debug|Any CPU
		{794D523E-DE60-40CB-A4A4-840F279E49FF}.Debug|Any CPU.Build.0 = Debug|Any CPU
		{794D523E-DE60-40CB-A4A4-840F279E49FF}.Release|Any CPU.ActiveCfg = Release|Any CPU
		{794D523E-DE60-40CB-A4A4-840F279E49FF}.Release|Any CPU.Build.0 = Release|Any CPU
		{42A06BCB-4B01-4A51-9B73-204E32F6D440}.Debug|Any CPU.ActiveCfg = Debug|Any CPU
		{42A06BCB-4B01-4A51-9B73-204E32F6D440}.Debug|Any CPU.Build.0 = Debug|Any CPU
		{42A06BCB-4B01-4A51-9B73-204E32F6D440}.Release|Any CPU.ActiveCfg = Release|Any CPU
		{42A06BCB-4B01-4A51-9B73-204E32F6D440}.Release|Any CPU.Build.0 = Release|Any CPU
	EndGlobalSection
	GlobalSection(SolutionProperties) = preSolution
		HideSolutionNode = FALSE
	EndGlobalSection
	GlobalSection(ExtensibilityGlobals) = postSolution
		SolutionGuid = {13685211-DDA2-4B8B-A2A7-8BA665823B97}
	EndGlobalSection
EndGlobal
